PODS:
  - Realm (5.2.0):
    - Realm/Headers (= 5.2.0)
  - Realm/Headers (5.2.0)
  - RealmSwift (5.2.0):
    - Realm (= 5.2.0)

DEPENDENCIES:
  - Realm (~> 5)
  - RealmSwift (~> 5)

SPEC REPOS:
  trunk:
    - Realm
    - RealmSwift

SPEC CHECKSUMS:
  Realm: f749c723e272f08fdf1939af5e61d2bd09b203e8
  RealmSwift: bf0ab78b52c5bafba8b3ad73be8dfb4c1ea5cf01

PODFILE CHECKSUM: 85f6aead0dc6b2dc5be972afba3fafcaea84c5a5

COCOAPODS: 1.9.2
