// !$*UTF8*$!
{
	archiveVersion = 1;
	classes = {
	};
	objectVersion = 51;
	objects = {

/* Begin PBXBuildFile section */
		2FC85936816857EFC8EB574C /* Pods_RealmRenaming.framework in Frameworks */ = {isa = PBXBuildFile; fileRef = C01F592AD583C2BD88C1A3FB /* Pods_RealmRenaming.framework */; };
		912FBC4924B6697500BF8EFC /* AppDelegate.swift in Sources */ = {isa = PBXBuildFile; fileRef = 912FBC4824B6697500BF8EFC /* AppDelegate.swift */; };
		912FBC4B24B6697500BF8EFC /* SceneDelegate.swift in Sources */ = {isa = PBXBuildFile; fileRef = 912FBC4A24B6697500BF8EFC /* SceneDelegate.swift */; };
		912FBC4D24B6697500BF8EFC /* ViewController.swift in Sources */ = {isa = PBXBuildFile; fileRef = 912FBC4C24B6697500BF8EFC /* ViewController.swift */; };
		912FBC5024B6697500BF8EFC /* Main.storyboard in Resources */ = {isa = PBXBuildFile; fileRef = 912FBC4E24B6697500BF8EFC /* Main.storyboard */; };
		912FBC5224B6697600BF8EFC /* Assets.xcassets in Resources */ = {isa = PBXBuildFile; fileRef = 912FBC5124B6697600BF8EFC /* Assets.xcassets */; };
		912FBC5524B6697600BF8EFC /* LaunchScreen.storyboard in Resources */ = {isa = PBXBuildFile; fileRef = 912FBC5324B6697600BF8EFC /* LaunchScreen.storyboard */; };
		912FBC5D24B66A5C00BF8EFC /* Foo.swift in Sources */ = {isa = PBXBuildFile; fileRef = 912FBC5C24B66A5C00BF8EFC /* Foo.swift */; };
/* End PBXBuildFile section */

/* Begin PBXFileReference section */
		25205CE764C8A8ACA72C13E2 /* Pods-RealmRenaming.release.xcconfig */ = {isa = PBXFileReference; includeInIndex = 1; lastKnownFileType = text.xcconfig; name = "Pods-RealmRenaming.release.xcconfig"; path = "Target Support Files/Pods-RealmRenaming/Pods-RealmRenaming.release.xcconfig"; sourceTree = "<group>"; };
		912FBC4524B6697500BF8EFC /* RealmRenaming.app */ = {isa = PBXFileReference; explicitFileType = wrapper.application; includeInIndex = 0; path = RealmRenaming.app; sourceTree = BUILT_PRODUCTS_DIR; };
		912FBC4824B6697500BF8EFC /* AppDelegate.swift */ = {isa = PBXFileReference; lastKnownFileType = sourcecode.swift; path = AppDelegate.swift; sourceTree = "<group>"; };
		912FBC4A24B6697500BF8EFC /* SceneDelegate.swift */ = {isa = PBXFileReference; lastKnownFileType = sourcecode.swift; path = SceneDelegate.swift; sourceTree = "<group>"; };
		912FBC4C24B6697500BF8EFC /* ViewController.swift */ = {isa = PBXFileReference; lastKnownFileType = sourcecode.swift; path = ViewController.swift; sourceTree = "<group>"; };
		912FBC4F24B6697500BF8EFC /* Base */ = {isa = PBXFileReference; lastKnownFileType = file.storyboard; name = Base; path = Base.lproj/Main.storyboard; sourceTree = "<group>"; };
		912FBC5124B6697600BF8EFC /* Assets.xcassets */ = {isa = PBXFileReference; lastKnownFileType = folder.assetcatalog; path = Assets.xcassets; sourceTree = "<group>"; };
		912FBC5424B6697600BF8EFC /* Base */ = {isa = PBXFileReference; lastKnownFileType = file.storyboard; name = Base; path = Base.lproj/LaunchScreen.storyboard; sourceTree = "<group>"; };
		912FBC5624B6697600BF8EFC /* Info.plist */ = {isa = PBXFileReference; lastKnownFileType = text.plist.xml; path = Info.plist; sourceTree = "<group>"; };
		912FBC5C24B66A5C00BF8EFC /* Foo.swift */ = {isa = PBXFileReference; lastKnownFileType = sourcecode.swift; path = Foo.swift; sourceTree = "<group>"; };
		A979239EBE83A35266CD4A6C /* Pods-RealmRenaming.debug.xcconfig */ = {isa = PBXFileReference; includeInIndex = 1; lastKnownFileType = text.xcconfig; name = "Pods-RealmRenaming.debug.xcconfig"; path = "Target Support Files/Pods-RealmRenaming/Pods-RealmRenaming.debug.xcconfig"; sourceTree = "<group>"; };
		C01F592AD583C2BD88C1A3FB /* Pods_RealmRenaming.framework */ = {isa = PBXFileReference; explicitFileType = wrapper.framework; includeInIndex = 0; path = Pods_RealmRenaming.framework; sourceTree = BUILT_PRODUCTS_DIR; };
/* End PBXFileReference section */

/* Begin PBXFrameworksBuildPhase section */
		912FBC4224B6697500BF8EFC /* Frameworks */ = {
			isa = PBXFrameworksBuildPhase;
			buildActionMask = 2147483647;
			files = (
				2FC85936816857EFC8EB574C /* Pods_RealmRenaming.framework in Frameworks */,
			);
			runOnlyForDeploymentPostprocessing = 0;
		};
/* End PBXFrameworksBuildPhase section */

/* Begin PBXGroup section */
		4F363010CEB879963D58C59E /* Pods */ = {
			isa = PBXGroup;
			children = (
				A979239EBE83A35266CD4A6C /* Pods-RealmRenaming.debug.xcconfig */,
				25205CE764C8A8ACA72C13E2 /* Pods-RealmRenaming.release.xcconfig */,
			);
			path = Pods;
			sourceTree = "<group>";
		};
		912FBC3C24B6697400BF8EFC = {
			isa = PBXGroup;
			children = (
				912FBC4724B6697500BF8EFC /* RealmRenaming */,
				912FBC4624B6697500BF8EFC /* Products */,
				4F363010CEB879963D58C59E /* Pods */,
				C9899E7AFF193327DC24C8C2 /* Frameworks */,
			);
			sourceTree = "<group>";
		};
		912FBC4624B6697500BF8EFC /* Products */ = {
			isa = PBXGroup;
			children = (
				912FBC4524B6697500BF8EFC /* RealmRenaming.app */,
			);
			name = Products;
			sourceTree = "<group>";
		};
		912FBC4724B6697500BF8EFC /* RealmRenaming */ = {
			isa = PBXGroup;
			children = (
				912FBC4824B6697500BF8EFC /* AppDelegate.swift */,
				912FBC4A24B6697500BF8EFC /* SceneDelegate.swift */,
				912FBC4C24B6697500BF8EFC /* ViewController.swift */,
				912FBC5C24B66A5C00BF8EFC /* Foo.swift */,
				912FBC4E24B6697500BF8EFC /* Main.storyboard */,
				912FBC5124B6697600BF8EFC /* Assets.xcassets */,
				912FBC5324B6697600BF8EFC /* LaunchScreen.storyboard */,
				912FBC5624B6697600BF8EFC /* Info.plist */,
			);
			path = RealmRenaming;
			sourceTree = "<group>";
		};
		C9899E7AFF193327DC24C8C2 /* Frameworks */ = {
			isa = PBXGroup;
			children = (
				C01F592AD583C2BD88C1A3FB /* Pods_RealmRenaming.framework */,
			);
			name = Frameworks;
			sourceTree = "<group>";
		};
/* End PBXGroup section */

/* Begin PBXNativeTarget section */
		912FBC4424B6697500BF8EFC /* RealmRenaming */ = {
			isa = PBXNativeTarget;
			buildConfigurationList = 912FBC5924B6697600BF8EFC /* Build configuration list for PBXNativeTarget "RealmRenaming" */;
			buildPhases = (
				31EB16DCAF2A10C1534CE7AE /* [CP] Check Pods Manifest.lock */,
				912FBC4124B6697500BF8EFC /* Sources */,
				912FBC4224B6697500BF8EFC /* Frameworks */,
				912FBC4324B6697500BF8EFC /* Resources */,
				40C35FD7210A12CA06E78EF8 /* [CP] Embed Pods Frameworks */,
			);
			buildRules = (
			);
			dependencies = (
			);
			name = RealmRenaming;
			productName = RealmRenaming;
			productReference = 912FBC4524B6697500BF8EFC /* RealmRenaming.app */;
			productType = "com.apple.product-type.application";
		};
/* End PBXNativeTarget section */

/* Begin PBXProject section */
		912FBC3D24B6697400BF8EFC /* Project object */ = {
			isa = PBXProject;
			attributes = {
				LastSwiftUpdateCheck = 1150;
				LastUpgradeCheck = 1150;
				TargetAttributes = {
					912FBC4424B6697500BF8EFC = {
						CreatedOnToolsVersion = 11.5;
					};
				};
			};
			buildConfigurationList = 912FBC4024B6697400BF8EFC /* Build configuration list for PBXProject "RealmRenaming" */;
			compatibilityVersion = "Xcode 9.3";
			developmentRegion = en;
			hasScannedForEncodings = 0;
			knownRegions = (
				en,
				Base,
			);
			mainGroup = 912FBC3C24B6697400BF8EFC;
			productRefGroup = 912FBC4624B6697500BF8EFC /* Products */;
			projectDirPath = "";
			projectRoot = "";
			targets = (
				912FBC4424B6697500BF8EFC /* RealmRenaming */,
			);
		};
/* End PBXProject section */

/* Begin PBXResourcesBuildPhase section */
		912FBC4324B6697500BF8EFC /* Resources */ = {
			isa = PBXResourcesBuildPhase;
			buildActionMask = 2147483647;
			files = (
				912FBC5524B6697600BF8EFC /* LaunchScreen.storyboard in Resources */,
				912FBC5224B6697600BF8EFC /* Assets.xcassets in Resources */,
				912FBC5024B6697500BF8EFC /* Main.storyboard in Resources */,
			);
			runOnlyForDeploymentPostprocessing = 0;
		};
/* End PBXResourcesBuildPhase section */

/* Begin PBXShellScriptBuildPhase section */
		31EB16DCAF2A10C1534CE7AE /* [CP] Check Pods Manifest.lock */ = {
			isa = PBXShellScriptBuildPhase;
			buildActionMask = 2147483647;
			files = (
			);
			inputFileListPaths = (
			);
			inputPaths = (
				"${PODS_PODFILE_DIR_PATH}/Podfile.lock",
				"${PODS_ROOT}/Manifest.lock",
			);
			name = "[CP] Check Pods Manifest.lock";
			outputFileListPaths = (
			);
			outputPaths = (
				"$(DERIVED_FILE_DIR)/Pods-RealmRenaming-checkManifestLockResult.txt",
			);
			runOnlyForDeploymentPostprocessing = 0;
			shellPath = /bin/sh;
			shellScript = "diff \"${PODS_PODFILE_DIR_PATH}/Podfile.lock\" \"${PODS_ROOT}/Manifest.lock\" > /dev/null\nif [ $? != 0 ] ; then\n    # print error to STDERR\n    echo \"error: The sandbox is not in sync with the Podfile.lock. Run 'pod install' or update your CocoaPods installation.\" >&2\n    exit 1\nfi\n# This output is used by Xcode 'outputs' to avoid re-running this script phase.\necho \"SUCCESS\" > \"${SCRIPT_OUTPUT_FILE_0}\"\n";
			showEnvVarsInLog = 0;
		};
		40C35FD7210A12CA06E78EF8 /* [CP] Embed Pods Frameworks */ = {
			isa = PBXShellScriptBuildPhase;
			buildActionMask = 2147483647;
			files = (
			);
			inputFileListPaths = (
				"${PODS_ROOT}/Target Support Files/Pods-RealmRenaming/Pods-RealmRenaming-frameworks-${CONFIGURATION}-input-files.xcfilelist",
			);
			name = "[CP] Embed Pods Frameworks";
			outputFileListPaths = (
				"${PODS_ROOT}/Target Support Files/Pods-RealmRenaming/Pods-RealmRenaming-frameworks-${CONFIGURATION}-output-files.xcfilelist",
			);
			runOnlyForDeploymentPostprocessing = 0;
			shellPath = /bin/sh;
			shellScript = "\"${PODS_ROOT}/Target Support Files/Pods-RealmRenaming/Pods-RealmRenaming-frameworks.sh\"\n";
			showEnvVarsInLog = 0;
		};
/* End PBXShellScriptBuildPhase section */

/* Begin PBXSourcesBuildPhase section */
		912FBC4124B6697500BF8EFC /* Sources */ = {
			isa = PBXSourcesBuildPhase;
			buildActionMask = 2147483647;
			files = (
				912FBC5D24B66A5C00BF8EFC /* Foo.swift in Sources */,
				912FBC4D24B6697500BF8EFC /* ViewController.swift in Sources */,
				912FBC4924B6697500BF8EFC /* AppDelegate.swift in Sources */,
				912FBC4B24B6697500BF8EFC /* SceneDelegate.swift in Sources */,
			);
			runOnlyForDeploymentPostprocessing = 0;
		};
/* End PBXSourcesBuildPhase section */

/* Begin PBXVariantGroup section */
		912FBC4E24B6697500BF8EFC /* Main.storyboard */ = {
			isa = PBXVariantGroup;
			children = (
				912FBC4F24B6697500BF8EFC /* Base */,
			);
			name = Main.storyboard;
			sourceTree = "<group>";
		};
		912FBC5324B6697600BF8EFC /* LaunchScreen.storyboard */ = {
			isa = PBXVariantGroup;
			children = (
				912FBC5424B6697600BF8EFC /* Base */,
			);
			name = LaunchScreen.storyboard;
			sourceTree = "<group>";
		};
/* End PBXVariantGroup section */

/* Begin XCBuildConfiguration section */
		912FBC5724B6697600BF8EFC /* Debug */ = {
			isa = XCBuildConfiguration;
			buildSettings = {
				ALWAYS_SEARCH_USER_PATHS = NO;
				CLANG_ANALYZER_NONNULL = YES;
				CLANG_ANALYZER_NUMBER_OBJECT_CONVERSION = YES_AGGRESSIVE;
				CLANG_CXX_LANGUAGE_STANDARD = "gnu++14";
				CLANG_CXX_LIBRARY = "libc++";
				CLANG_ENABLE_MODULES = YES;
				CLANG_ENABLE_OBJC_ARC = YES;
				CLANG_ENABLE_OBJC_WEAK = YES;
				CLANG_WARN_BLOCK_CAPTURE_AUTORELEASING = YES;
				CLANG_WARN_BOOL_CONVERSION = YES;
				CLANG_WARN_COMMA = YES;
				CLANG_WARN_CONSTANT_CONVERSION = YES;
				CLANG_WARN_DEPRECATED_OBJC_IMPLEMENTATIONS = YES;
				CLANG_WARN_DIRECT_OBJC_ISA_USAGE = YES_ERROR;
				CLANG_WARN_DOCUMENTATION_COMMENTS = YES;
				CLANG_WARN_EMPTY_BODY = YES;
				CLANG_WARN_ENUM_CONVERSION = YES;
				CLANG_WARN_INFINITE_RECURSION = YES;
				CLANG_WARN_INT_CONVERSION = YES;
				CLANG_WARN_NON_LITERAL_NULL_CONVERSION = YES;
				CLANG_WARN_OBJC_IMPLICIT_RETAIN_SELF = YES;
				CLANG_WARN_OBJC_LITERAL_CONVERSION = YES;
				CLANG_WARN_OBJC_ROOT_CLASS = YES_ERROR;
				CLANG_WARN_RANGE_LOOP_ANALYSIS = YES;
				CLANG_WARN_STRICT_PROTOTYPES = YES;
				CLANG_WARN_SUSPICIOUS_MOVE = YES;
				CLANG_WARN_UNGUARDED_AVAILABILITY = YES_AGGRESSIVE;
				CLANG_WARN_UNREACHABLE_CODE = YES;
				CLANG_WARN__DUPLICATE_METHOD_MATCH = YES;
				COPY_PHASE_STRIP = NO;
				DEBUG_INFORMATION_FORMAT = dwarf;
				ENABLE_STRICT_OBJC_MSGSEND = YES;
				ENABLE_TESTABILITY = YES;
				GCC_C_LANGUAGE_STANDARD = gnu11;
				GCC_DYNAMIC_NO_PIC = NO;
				GCC_NO_COMMON_BLOCKS = YES;
				GCC_OPTIMIZATION_LEVEL = 0;
				GCC_PREPROCESSOR_DEFINITIONS = (
					"DEBUG=1",
					"$(inherited)",
				);
				GCC_WARN_64_TO_32_BIT_CONVERSION = YES;
				GCC_WARN_ABOUT_RETURN_TYPE = YES_ERROR;
				GCC_WARN_UNDECLARED_SELECTOR = YES;
				GCC_WARN_UNINITIALIZED_AUTOS = YES_AGGRESSIVE;
				GCC_WARN_UNUSED_FUNCTION = YES;
				GCC_WARN_UNUSED_VARIABLE = YES;
				IPHONEOS_DEPLOYMENT_TARGET = 13.5;
				MTL_ENABLE_DEBUG_INFO = INCLUDE_SOURCE;
				MTL_FAST_MATH = YES;
				ONLY_ACTIVE_ARCH = YES;
				SDKROOT = iphoneos;
				SWIFT_ACTIVE_COMPILATION_CONDITIONS = DEBUG;
				SWIFT_OPTIMIZATION_LEVEL = "-Onone";
			};
			name = Debug;
		};
		912FBC5824B6697600BF8EFC /* Release */ = {
			isa = XCBuildConfiguration;
			buildSettings = {
				ALWAYS_SEARCH_USER_PATHS = NO;
				CLANG_ANALYZER_NONNULL = YES;
				CLANG_ANALYZER_NUMBER_OBJECT_CONVERSION = YES_AGGRESSIVE;
				CLANG_CXX_LANGUAGE_STANDARD = "gnu++14";
				CLANG_CXX_LIBRARY = "libc++";
				CLANG_ENABLE_MODULES = YES;
				CLANG_ENABLE_OBJC_ARC = YES;
				CLANG_ENABLE_OBJC_WEAK = YES;
				CLANG_WARN_BLOCK_CAPTURE_AUTORELEASING = YES;
				CLANG_WARN_BOOL_CONVERSION = YES;
				CLANG_WARN_COMMA = YES;
				CLANG_WARN_CONSTANT_CONVERSION = YES;
				CLANG_WARN_DEPRECATED_OBJC_IMPLEMENTATIONS = YES;
				CLANG_WARN_DIRECT_OBJC_ISA_USAGE = YES_ERROR;
				CLANG_WARN_DOCUMENTATION_COMMENTS = YES;
				CLANG_WARN_EMPTY_BODY = YES;
				CLANG_WARN_ENUM_CONVERSION = YES;
				CLANG_WARN_INFINITE_RECURSION = YES;
				CLANG_WARN_INT_CONVERSION = YES;
				CLANG_WARN_NON_LITERAL_NULL_CONVERSION = YES;
				CLANG_WARN_OBJC_IMPLICIT_RETAIN_SELF = YES;
				CLANG_WARN_OBJC_LITERAL_CONVERSION = YES;
				CLANG_WARN_OBJC_ROOT_CLASS = YES_ERROR;
				CLANG_WARN_RANGE_LOOP_ANALYSIS = YES;
				CLANG_WARN_STRICT_PROTOTYPES = YES;
				CLANG_WARN_SUSPICIOUS_MOVE = YES;
				CLANG_WARN_UNGUARDED_AVAILABILITY = YES_AGGRESSIVE;
				CLANG_WARN_UNREACHABLE_CODE = YES;
				CLANG_WARN__DUPLICATE_METHOD_MATCH = YES;
				COPY_PHASE_STRIP = NO;
				DEBUG_INFORMATION_FORMAT = "dwarf-with-dsym";
				ENABLE_NS_ASSERTIONS = NO;
				ENABLE_STRICT_OBJC_MSGSEND = YES;
				GCC_C_LANGUAGE_STANDARD = gnu11;
				GCC_NO_COMMON_BLOCKS = YES;
				GCC_WARN_64_TO_32_BIT_CONVERSION = YES;
				GCC_WARN_ABOUT_RETURN_TYPE = YES_ERROR;
				GCC_WARN_UNDECLARED_SELECTOR = YES;
				GCC_WARN_UNINITIALIZED_AUTOS = YES_AGGRESSIVE;
				GCC_WARN_UNUSED_FUNCTION = YES;
				GCC_WARN_UNUSED_VARIABLE = YES;
				IPHONEOS_DEPLOYMENT_TARGET = 13.5;
				MTL_ENABLE_DEBUG_INFO = NO;
				MTL_FAST_MATH = YES;
				SDKROOT = iphoneos;
				SWIFT_COMPILATION_MODE = wholemodule;
				SWIFT_OPTIMIZATION_LEVEL = "-O";
				VALIDATE_PRODUCT = YES;
			};
			name = Release;
		};
		912FBC5A24B6697600BF8EFC /* Debug */ = {
			isa = XCBuildConfiguration;
			baseConfigurationReference = A979239EBE83A35266CD4A6C /* Pods-RealmRenaming.debug.xcconfig */;
			buildSettings = {
				ASSETCATALOG_COMPILER_APPICON_NAME = AppIcon;
				CODE_SIGN_STYLE = Automatic;
				INFOPLIST_FILE = RealmRenaming/Info.plist;
				LD_RUNPATH_SEARCH_PATHS = (
					"$(inherited)",
					"@executable_path/Frameworks",
				);
				PRODUCT_BUNDLE_IDENTIFIER = com.xspotlivin.realm.RealmRenaming;
				PRODUCT_NAME = "$(TARGET_NAME)";
				SWIFT_VERSION = 5.0;
				TARGETED_DEVICE_FAMILY = "1,2";
			};
			name = Debug;
		};
		912FBC5B24B6697600BF8EFC /* Release */ = {
			isa = XCBuildConfiguration;
			baseConfigurationReference = 25205CE764C8A8ACA72C13E2 /* Pods-RealmRenaming.release.xcconfig */;
			buildSettings = {
				ASSETCATALOG_COMPILER_APPICON_NAME = AppIcon;
				CODE_SIGN_STYLE = Automatic;
				INFOPLIST_FILE = RealmRenaming/Info.plist;
				LD_RUNPATH_SEARCH_PATHS = (
					"$(inherited)",
					"@executable_path/Frameworks",
				);
				PRODUCT_BUNDLE_IDENTIFIER = com.xspotlivin.realm.RealmRenaming;
				PRODUCT_NAME = "$(TARGET_NAME)";
				SWIFT_VERSION = 5.0;
				TARGETED_DEVICE_FAMILY = "1,2";
			};
			name = Release;
		};
/* End XCBuildConfiguration section */

/* Begin XCConfigurationList section */
		912FBC4024B6697400BF8EFC /* Build configuration list for PBXProject "RealmRenaming" */ = {
			isa = XCConfigurationList;
			buildConfigurations = (
				912FBC5724B6697600BF8EFC /* Debug */,
				912FBC5824B6697600BF8EFC /* Release */,
			);
			defaultConfigurationIsVisible = 0;
			defaultConfigurationName = Release;
		};
		912FBC5924B6697600BF8EFC /* Build configuration list for PBXNativeTarget "RealmRenaming" */ = {
			isa = XCConfigurationList;
			buildConfigurations = (
				912FBC5A24B6697600BF8EFC /* Debug */,
				912FBC5B24B6697600BF8EFC /* Release */,
			);
			defaultConfigurationIsVisible = 0;
			defaultConfigurationName = Release;
		};
/* End XCConfigurationList section */
	};
	rootObject = 912FBC3D24B6697400BF8EFC /* Project object */;
}
